// !$*UTF8*$!
{
	archiveVersion = 1;
	classes = {
	};
	objectVersion = 46;
	objects = {

/* Begin PBXBuildFile section */
		F34ACF84192DACF60023E98C /* Foundation.framework in Frameworks */ = {isa = PBXBuildFile; fileRef = F34ACF83192DACF60023E98C /* Foundation.framework */; };
		F34ACF86192DACF60023E98C /* CoreGraphics.framework in Frameworks */ = {isa = PBXBuildFile; fileRef = F34ACF85192DACF60023E98C /* CoreGraphics.framework */; };
		F34ACF88192DACF60023E98C /* UIKit.framework in Frameworks */ = {isa = PBXBuildFile; fileRef = F34ACF87192DACF60023E98C /* UIKit.framework */; };
		F34ACF8E192DACF70023E98C /* InfoPlist.strings in Resources */ = {isa = PBXBuildFile; fileRef = F34ACF8C192DACF70023E98C /* InfoPlist.strings */; };
		F34ACF90192DACF70023E98C /* main.m in Sources */ = {isa = PBXBuildFile; fileRef = F34ACF8F192DACF70023E98C /* main.m */; };
		F34ACF94192DACF70023E98C /* AppDelegate.m in Sources */ = {isa = PBXBuildFile; fileRef = F34ACF93192DACF70023E98C /* AppDelegate.m */; };
		F34ACF96192DACF70023E98C /* Images.xcassets in Resources */ = {isa = PBXBuildFile; fileRef = F34ACF95192DACF70023E98C /* Images.xcassets */; };
		F34ACF9D192DACF70023E98C /* XCTest.framework in Frameworks */ = {isa = PBXBuildFile; fileRef = F34ACF9C192DACF70023E98C /* XCTest.framework */; };
		F34ACF9E192DACF70023E98C /* Foundation.framework in Frameworks */ = {isa = PBXBuildFile; fileRef = F34ACF83192DACF60023E98C /* Foundation.framework */; };
		F34ACF9F192DACF70023E98C /* UIKit.framework in Frameworks */ = {isa = PBXBuildFile; fileRef = F34ACF87192DACF60023E98C /* UIKit.framework */; };
		F34ACFA7192DACF70023E98C /* InfoPlist.strings in Resources */ = {isa = PBXBuildFile; fileRef = F34ACFA5192DACF70023E98C /* InfoPlist.strings */; };
		F34ACFA9192DACF70023E98C /* PurreciousTests.m in Sources */ = {isa = PBXBuildFile; fileRef = F34ACFA8192DACF70023E98C /* PurreciousTests.m */; };
		F34ACFB4192DAD470023E98C /* PhotosViewController.m in Sources */ = {isa = PBXBuildFile; fileRef = F34ACFB3192DAD470023E98C /* PhotosViewController.m */; };
		F34ACFB7192DB6930023E98C /* PhotoCell.m in Sources */ = {isa = PBXBuildFile; fileRef = F34ACFB6192DB6930023E98C /* PhotoCell.m */; };
/* End PBXBuildFile section */

/* Begin PBXContainerItemProxy section */
		F34ACFA0192DACF70023E98C /* PBXContainerItemProxy */ = {
			isa = PBXContainerItemProxy;
			containerPortal = F34ACF78192DACF60023E98C /* Project object */;
			proxyType = 1;
			remoteGlobalIDString = F34ACF7F192DACF60023E98C;
			remoteInfo = Purrecious;
		};
/* End PBXContainerItemProxy section */

/* Begin PBXFileReference section */
		F34ACF80192DACF60023E98C /* Purrecious.app */ = {isa = PBXFileReference; explicitFileType = wrapper.application; includeInIndex = 0; path = Purrecious.app; sourceTree = BUILT_PRODUCTS_DIR; };
		F34ACF83192DACF60023E98C /* Foundation.framework */ = {isa = PBXFileReference; lastKnownFileType = wrapper.framework; name = Foundation.framework; path = System/Library/Frameworks/Foundation.framework; sourceTree = SDKROOT; };
		F34ACF85192DACF60023E98C /* CoreGraphics.framework */ = {isa = PBXFileReference; lastKnownFileType = wrapper.framework; name = CoreGraphics.framework; path = System/Library/Frameworks/CoreGraphics.framework; sourceTree = SDKROOT; };
		F34ACF87192DACF60023E98C /* UIKit.framework */ = {isa = PBXFileReference; lastKnownFileType = wrapper.framework; name = UIKit.framework; path = System/Library/Frameworks/UIKit.framework; sourceTree = SDKROOT; };
		F34ACF8B192DACF70023E98C /* Purrecious-Info.plist */ = {isa = PBXFileReference; lastKnownFileType = text.plist.xml; path = "Purrecious-Info.plist"; sourceTree = "<group>"; };
		F34ACF8D192DACF70023E98C /* en */ = {isa = PBXFileReference; lastKnownFileType = text.plist.strings; name = en; path = en.lproj/InfoPlist.strings; sourceTree = "<group>"; };
		F34ACF8F192DACF70023E98C /* main.m */ = {isa = PBXFileReference; lastKnownFileType = sourcecode.c.objc; path = main.m; sourceTree = "<group>"; };
		F34ACF91192DACF70023E98C /* Purrecious-Prefix.pch */ = {isa = PBXFileReference; lastKnownFileType = sourcecode.c.h; path = "Purrecious-Prefix.pch"; sourceTree = "<group>"; };
		F34ACF92192DACF70023E98C /* AppDelegate.h */ = {isa = PBXFileReference; lastKnownFileType = sourcecode.c.h; path = AppDelegate.h; sourceTree = "<group>"; };
		F34ACF93192DACF70023E98C /* AppDelegate.m */ = {isa = PBXFileReference; lastKnownFileType = sourcecode.c.objc; path = AppDelegate.m; sourceTree = "<group>"; };
		F34ACF95192DACF70023E98C /* Images.xcassets */ = {isa = PBXFileReference; lastKnownFileType = folder.assetcatalog; path = Images.xcassets; sourceTree = "<group>"; };
		F34ACF9B192DACF70023E98C /* PurreciousTests.xctest */ = {isa = PBXFileReference; explicitFileType = wrapper.cfbundle; includeInIndex = 0; path = PurreciousTests.xctest; sourceTree = BUILT_PRODUCTS_DIR; };
		F34ACF9C192DACF70023E98C /* XCTest.framework */ = {isa = PBXFileReference; lastKnownFileType = wrapper.framework; name = XCTest.framework; path = Library/Frameworks/XCTest.framework; sourceTree = DEVELOPER_DIR; };
		F34ACFA4192DACF70023E98C /* PurreciousTests-Info.plist */ = {isa = PBXFileReference; lastKnownFileType = text.plist.xml; path = "PurreciousTests-Info.plist"; sourceTree = "<group>"; };
		F34ACFA6192DACF70023E98C /* en */ = {isa = PBXFileReference; lastKnownFileType = text.plist.strings; name = en; path = en.lproj/InfoPlist.strings; sourceTree = "<group>"; };
		F34ACFA8192DACF70023E98C /* PurreciousTests.m */ = {isa = PBXFileReference; lastKnownFileType = sourcecode.c.objc; path = PurreciousTests.m; sourceTree = "<group>"; };
		F34ACFB2192DAD470023E98C /* PhotosViewController.h */ = {isa = PBXFileReference; fileEncoding = 4; lastKnownFileType = sourcecode.c.h; path = PhotosViewController.h; sourceTree = "<group>"; };
		F34ACFB3192DAD470023E98C /* PhotosViewController.m */ = {isa = PBXFileReference; fileEncoding = 4; lastKnownFileType = sourcecode.c.objc; path = PhotosViewController.m; sourceTree = "<group>"; };
		F34ACFB5192DB6930023E98C /* PhotoCell.h */ = {isa = PBXFileReference; fileEncoding = 4; lastKnownFileType = sourcecode.c.h; path = PhotoCell.h; sourceTree = "<group>"; };
		F34ACFB6192DB6930023E98C /* PhotoCell.m */ = {isa = PBXFileReference; fileEncoding = 4; lastKnownFileType = sourcecode.c.objc; path = PhotoCell.m; sourceTree = "<group>"; };
/* End PBXFileReference section */

/* Begin PBXFrameworksBuildPhase section */
		F34ACF7D192DACF60023E98C /* Frameworks */ = {
			isa = PBXFrameworksBuildPhase;
			buildActionMask = 2147483647;
			files = (
				F34ACF86192DACF60023E98C /* CoreGraphics.framework in Frameworks */,
				F34ACF88192DACF60023E98C /* UIKit.framework in Frameworks */,
				F34ACF84192DACF60023E98C /* Foundation.framework in Frameworks */,
			);
			runOnlyForDeploymentPostprocessing = 0;
		};
		F34ACF98192DACF70023E98C /* Frameworks */ = {
			isa = PBXFrameworksBuildPhase;
			buildActionMask = 2147483647;
			files = (
				F34ACF9D192DACF70023E98C /* XCTest.framework in Frameworks */,
				F34ACF9F192DACF70023E98C /* UIKit.framework in Frameworks */,
				F34ACF9E192DACF70023E98C /* Foundation.framework in Frameworks */,
			);
			runOnlyForDeploymentPostprocessing = 0;
		};
/* End PBXFrameworksBuildPhase section */

/* Begin PBXGroup section */
		F34ACF77192DACF60023E98C = {
			isa = PBXGroup;
			children = (
				F34ACF89192DACF60023E98C /* Purrecious */,
				F34ACFA2192DACF70023E98C /* PurreciousTests */,
				F34ACF82192DACF60023E98C /* Frameworks */,
				F34ACF81192DACF60023E98C /* Products */,
			);
			sourceTree = "<group>";
		};
		F34ACF81192DACF60023E98C /* Products */ = {
			isa = PBXGroup;
			children = (
				F34ACF80192DACF60023E98C /* Purrecious.app */,
				F34ACF9B192DACF70023E98C /* PurreciousTests.xctest */,
			);
			name = Products;
			sourceTree = "<group>";
		};
		F34ACF82192DACF60023E98C /* Frameworks */ = {
			isa = PBXGroup;
			children = (
				F34ACF83192DACF60023E98C /* Foundation.framework */,
				F34ACF85192DACF60023E98C /* CoreGraphics.framework */,
				F34ACF87192DACF60023E98C /* UIKit.framework */,
				F34ACF9C192DACF70023E98C /* XCTest.framework */,
			);
			name = Frameworks;
			sourceTree = "<group>";
		};
		F34ACF89192DACF60023E98C /* Purrecious */ = {
			isa = PBXGroup;
			children = (
				F34ACF92192DACF70023E98C /* AppDelegate.h */,
				F34ACF93192DACF70023E98C /* AppDelegate.m */,
				F34ACFB2192DAD470023E98C /* PhotosViewController.h */,
				F34ACFB3192DAD470023E98C /* PhotosViewController.m */,
				F34ACF95192DACF70023E98C /* Images.xcassets */,
				F34ACF8A192DACF60023E98C /* Supporting Files */,
				F34ACFB5192DB6930023E98C /* PhotoCell.h */,
				F34ACFB6192DB6930023E98C /* PhotoCell.m */,
			);
			path = Purrecious;
			sourceTree = "<group>";
		};
		F34ACF8A192DACF60023E98C /* Supporting Files */ = {
			isa = PBXGroup;
			children = (
				F34ACF8B192DACF70023E98C /* Purrecious-Info.plist */,
				F34ACF8C192DACF70023E98C /* InfoPlist.strings */,
				F34ACF8F192DACF70023E98C /* main.m */,
				F34ACF91192DACF70023E98C /* Purrecious-Prefix.pch */,
			);
			name = "Supporting Files";
			sourceTree = "<group>";
		};
		F34ACFA2192DACF70023E98C /* PurreciousTests */ = {
			isa = PBXGroup;
			children = (
				F34ACFA8192DACF70023E98C /* PurreciousTests.m */,
				F34ACFA3192DACF70023E98C /* Supporting Files */,
			);
			path = PurreciousTests;
			sourceTree = "<group>";
		};
		F34ACFA3192DACF70023E98C /* Supporting Files */ = {
			isa = PBXGroup;
			children = (
				F34ACFA4192DACF70023E98C /* PurreciousTests-Info.plist */,
				F34ACFA5192DACF70023E98C /* InfoPlist.strings */,
			);
			name = "Supporting Files";
			sourceTree = "<group>";
		};
/* End PBXGroup section */

/* Begin PBXNativeTarget section */
		F34ACF7F192DACF60023E98C /* Purrecious */ = {
			isa = PBXNativeTarget;
			buildConfigurationList = F34ACFAC192DACF70023E98C /* Build configuration list for PBXNativeTarget "Purrecious" */;
			buildPhases = (
				F34ACF7C192DACF60023E98C /* Sources */,
				F34ACF7D192DACF60023E98C /* Frameworks */,
				F34ACF7E192DACF60023E98C /* Resources */,
			);
			buildRules = (
			);
			dependencies = (
			);
			name = Purrecious;
			productName = Purrecious;
			productReference = F34ACF80192DACF60023E98C /* Purrecious.app */;
			productType = "com.apple.product-type.application";
		};
		F34ACF9A192DACF70023E98C /* PurreciousTests */ = {
			isa = PBXNativeTarget;
			buildConfigurationList = F34ACFAF192DACF70023E98C /* Build configuration list for PBXNativeTarget "PurreciousTests" */;
			buildPhases = (
				F34ACF97192DACF70023E98C /* Sources */,
				F34ACF98192DACF70023E98C /* Frameworks */,
				F34ACF99192DACF70023E98C /* Resources */,
			);
			buildRules = (
			);
			dependencies = (
				F34ACFA1192DACF70023E98C /* PBXTargetDependency */,
			);
			name = PurreciousTests;
			productName = PurreciousTests;
			productReference = F34ACF9B192DACF70023E98C /* PurreciousTests.xctest */;
			productType = "com.apple.product-type.bundle.unit-test";
		};
/* End PBXNativeTarget section */

/* Begin PBXProject section */
		F34ACF78192DACF60023E98C /* Project object */ = {
			isa = PBXProject;
			attributes = {
				LastUpgradeCheck = 0510;
				ORGANIZATIONNAME = "Jaken Herman";
				TargetAttributes = {
					F34ACF9A192DACF70023E98C = {
						TestTargetID = F34ACF7F192DACF60023E98C;
					};
				};
			};
			buildConfigurationList = F34ACF7B192DACF60023E98C /* Build configuration list for PBXProject "Purrecious" */;
			compatibilityVersion = "Xcode 3.2";
			developmentRegion = English;
			hasScannedForEncodings = 0;
			knownRegions = (
				en,
			);
			mainGroup = F34ACF77192DACF60023E98C;
			productRefGroup = F34ACF81192DACF60023E98C /* Products */;
			projectDirPath = "";
			projectRoot = "";
			targets = (
				F34ACF7F192DACF60023E98C /* Purrecious */,
				F34ACF9A192DACF70023E98C /* PurreciousTests */,
			);
		};
/* End PBXProject section */

/* Begin PBXResourcesBuildPhase section */
		F34ACF7E192DACF60023E98C /* Resources */ = {
			isa = PBXResourcesBuildPhase;
			buildActionMask = 2147483647;
			files = (
				F34ACF8E192DACF70023E98C /* InfoPlist.strings in Resources */,
				F34ACF96192DACF70023E98C /* Images.xcassets in Resources */,
			);
			runOnlyForDeploymentPostprocessing = 0;
		};
		F34ACF99192DACF70023E98C /* Resources */ = {
			isa = PBXResourcesBuildPhase;
			buildActionMask = 2147483647;
			files = (
				F34ACFA7192DACF70023E98C /* InfoPlist.strings in Resources */,
			);
			runOnlyForDeploymentPostprocessing = 0;
		};
/* End PBXResourcesBuildPhase section */

/* Begin PBXSourcesBuildPhase section */
		F34ACF7C192DACF60023E98C /* Sources */ = {
			isa = PBXSourcesBuildPhase;
			buildActionMask = 2147483647;
			files = (
				F34ACFB7192DB6930023E98C /* PhotoCell.m in Sources */,
				F34ACF94192DACF70023E98C /* AppDelegate.m in Sources */,
				F34ACFB4192DAD470023E98C /* PhotosViewController.m in Sources */,
				F34ACF90192DACF70023E98C /* main.m in Sources */,
			);
			runOnlyForDeploymentPostprocessing = 0;
		};
		F34ACF97192DACF70023E98C /* Sources */ = {
			isa = PBXSourcesBuildPhase;
			buildActionMask = 2147483647;
			files = (
				F34ACFA9192DACF70023E98C /* PurreciousTests.m in Sources */,
			);
			runOnlyForDeploymentPostprocessing = 0;
		};
/* End PBXSourcesBuildPhase section */

/* Begin PBXTargetDependency section */
		F34ACFA1192DACF70023E98C /* PBXTargetDependency */ = {
			isa = PBXTargetDependency;
			target = F34ACF7F192DACF60023E98C /* Purrecious */;
			targetProxy = F34ACFA0192DACF70023E98C /* PBXContainerItemProxy */;
		};
/* End PBXTargetDependency section */

/* Begin PBXVariantGroup section */
		F34ACF8C192DACF70023E98C /* InfoPlist.strings */ = {
			isa = PBXVariantGroup;
			children = (
				F34ACF8D192DACF70023E98C /* en */,
			);
			name = InfoPlist.strings;
			sourceTree = "<group>";
		};
		F34ACFA5192DACF70023E98C /* InfoPlist.strings */ = {
			isa = PBXVariantGroup;
			children = (
				F34ACFA6192DACF70023E98C /* en */,
			);
			name = InfoPlist.strings;
			sourceTree = "<group>";
		};
/* End PBXVariantGroup section */

/* Begin XCBuildConfiguration section */
		F34ACFAA192DACF70023E98C /* Debug */ = {
			isa = XCBuildConfiguration;
			buildSettings = {
				ALWAYS_SEARCH_USER_PATHS = NO;
				CLANG_CXX_LANGUAGE_STANDARD = "gnu++0x";
				CLANG_CXX_LIBRARY = "libc++";
				CLANG_ENABLE_MODULES = YES;
				CLANG_ENABLE_OBJC_ARC = YES;
				CLANG_WARN_BOOL_CONVERSION = YES;
				CLANG_WARN_CONSTANT_CONVERSION = YES;
				CLANG_WARN_DIRECT_OBJC_ISA_USAGE = YES_ERROR;
				CLANG_WARN_EMPTY_BODY = YES;
				CLANG_WARN_ENUM_CONVERSION = YES;
				CLANG_WARN_INT_CONVERSION = YES;
				CLANG_WARN_OBJC_ROOT_CLASS = YES_ERROR;
				CLANG_WARN__DUPLICATE_METHOD_MATCH = YES;
				"CODE_SIGN_IDENTITY[sdk=iphoneos*]" = "iPhone Developer";
				COPY_PHASE_STRIP = NO;
				GCC_C_LANGUAGE_STANDARD = gnu99;
				GCC_DYNAMIC_NO_PIC = NO;
				GCC_OPTIMIZATION_LEVEL = 0;
				GCC_PREPROCESSOR_DEFINITIONS = (
					"DEBUG=1",
					"$(inherited)",
				);
				GCC_SYMBOLS_PRIVATE_EXTERN = NO;
				GCC_WARN_64_TO_32_BIT_CONVERSION = YES;
				GCC_WARN_ABOUT_RETURN_TYPE = YES_ERROR;
				GCC_WARN_UNDECLARED_SELECTOR = YES;
				GCC_WARN_UNINITIALIZED_AUTOS = YES_AGGRESSIVE;
				GCC_WARN_UNUSED_FUNCTION = YES;
				GCC_WARN_UNUSED_VARIABLE = YES;
				IPHONEOS_DEPLOYMENT_TARGET = 7.1;
				ONLY_ACTIVE_ARCH = YES;
				SDKROOT = iphoneos;
			};
			name = Debug;
		};
		F34ACFAB192DACF70023E98C /* Release */ = {
			isa = XCBuildConfiguration;
			buildSettings = {
				ALWAYS_SEARCH_USER_PATHS = NO;
				CLANG_CXX_LANGUAGE_STANDARD = "gnu++0x";
				CLANG_CXX_LIBRARY = "libc++";
				CLANG_ENABLE_MODULES = YES;
				CLANG_ENABLE_OBJC_ARC = YES;
				CLANG_WARN_BOOL_CONVERSION = YES;
				CLANG_WARN_CONSTANT_CONVERSION = YES;
				CLANG_WARN_DIRECT_OBJC_ISA_USAGE = YES_ERROR;
				CLANG_WARN_EMPTY_BODY = YES;
				CLANG_WARN_ENUM_CONVERSION = YES;
				CLANG_WARN_INT_CONVERSION = YES;
				CLANG_WARN_OBJC_ROOT_CLASS = YES_ERROR;
				CLANG_WARN__DUPLICATE_METHOD_MATCH = YES;
				"CODE_SIGN_IDENTITY[sdk=iphoneos*]" = "iPhone Developer";
				COPY_PHASE_STRIP = YES;
				ENABLE_NS_ASSERTIONS = NO;
				GCC_C_LANGUAGE_STANDARD = gnu99;
				GCC_WARN_64_TO_32_BIT_CONVERSION = YES;
				GCC_WARN_ABOUT_RETURN_TYPE = YES_ERROR;
				GCC_WARN_UNDECLARED_SELECTOR = YES;
				GCC_WARN_UNINITIALIZED_AUTOS = YES_AGGRESSIVE;
				GCC_WARN_UNUSED_FUNCTION = YES;
				GCC_WARN_UNUSED_VARIABLE = YES;
				IPHONEOS_DEPLOYMENT_TARGET = 7.1;
				SDKROOT = iphoneos;
				VALIDATE_PRODUCT = YES;
			};
			name = Release;
		};
		F34ACFAD192DACF70023E98C /* Debug */ = {
			isa = XCBuildConfiguration;
			buildSettings = {
				ASSETCATALOG_COMPILER_APPICON_NAME = AppIcon;
				ASSETCATALOG_COMPILER_LAUNCHIMAGE_NAME = LaunchImage;
				GCC_PRECOMPILE_PREFIX_HEADER = YES;
				GCC_PREFIX_HEADER = "Purrecious/Purrecious-Prefix.pch";
				INFOPLIST_FILE = "Purrecious/Purrecious-Info.plist";
				PRODUCT_NAME = "$(TARGET_NAME)";
				WRAPPER_EXTENSION = app;
			};
			name = Debug;
		};
		F34ACFAE192DACF70023E98C /* Release */ = {
			isa = XCBuildConfiguration;
			buildSettings = {
				ASSETCATALOG_COMPILER_APPICON_NAME = AppIcon;
				ASSETCATALOG_COMPILER_LAUNCHIMAGE_NAME = LaunchImage;
				GCC_PRECOMPILE_PREFIX_HEADER = YES;
				GCC_PREFIX_HEADER = "Purrecious/Purrecious-Prefix.pch";
				INFOPLIST_FILE = "Purrecious/Purrecious-Info.plist";
				PRODUCT_NAME = "$(TARGET_NAME)";
				WRAPPER_EXTENSION = app;
			};
			name = Release;
		};
		F34ACFB0192DACF70023E98C /* Debug */ = {
			isa = XCBuildConfiguration;
			buildSettings = {
				BUNDLE_LOADER = "$(BUILT_PRODUCTS_DIR)/Purrecious.app/Purrecious";
				FRAMEWORK_SEARCH_PATHS = (
					"$(SDKROOT)/Developer/Library/Frameworks",
					"$(inherited)",
					"$(DEVELOPER_FRAMEWORKS_DIR)",
				);
				GCC_PRECOMPILE_PREFIX_HEADER = YES;
				GCC_PREFIX_HEADER = "Purrecious/Purrecious-Prefix.pch";
				GCC_PREPROCESSOR_DEFINITIONS = (
					"DEBUG=1",
					"$(inherited)",
				);
				INFOPLIST_FILE = "PurreciousTests/PurreciousTests-Info.plist";
				PRODUCT_NAME = "$(TARGET_NAME)";
				TEST_HOST = "$(BUNDLE_LOADER)";
				WRAPPER_EXTENSION = xctest;
			};
			name = Debug;
		};
		F34ACFB1192DACF70023E98C /* Release */ = {
			isa = XCBuildConfiguration;
			buildSettings = {
				BUNDLE_LOADER = "$(BUILT_PRODUCTS_DIR)/Purrecious.app/Purrecious";
				FRAMEWORK_SEARCH_PATHS = (
					"$(SDKROOT)/Developer/Library/Frameworks",
					"$(inherited)",
					"$(DEVELOPER_FRAMEWORKS_DIR)",
				);
				GCC_PRECOMPILE_PREFIX_HEADER = YES;
				GCC_PREFIX_HEADER = "Purrecious/Purrecious-Prefix.pch";
				INFOPLIST_FILE = "PurreciousTests/PurreciousTests-Info.plist";
				PRODUCT_NAME = "$(TARGET_NAME)";
				TEST_HOST = "$(BUNDLE_LOADER)";
				WRAPPER_EXTENSION = xctest;
			};
			name = Release;
		};
/* End XCBuildConfiguration section */

/* Begin XCConfigurationList section */
		F34ACF7B192DACF60023E98C /* Build configuration list for PBXProject "Purrecious" */ = {
			isa = XCConfigurationList;
			buildConfigurations = (
				F34ACFAA192DACF70023E98C /* Debug */,
				F34ACFAB192DACF70023E98C /* Release */,
			);
			defaultConfigurationIsVisible = 0;
			defaultConfigurationName = Release;
		};
		F34ACFAC192DACF70023E98C /* Build configuration list for PBXNativeTarget "Purrecious" */ = {
			isa = XCConfigurationList;
			buildConfigurations = (
				F34ACFAD192DACF70023E98C /* Debug */,
				F34ACFAE192DACF70023E98C /* Release */,
			);
			defaultConfigurationIsVisible = 0;
		};
		F34ACFAF192DACF70023E98C /* Build configuration list for PBXNativeTarget "PurreciousTests" */ = {
			isa = XCConfigurationList;
			buildConfigurations = (
				F34ACFB0192DACF70023E98C /* Debug */,
				F34ACFB1192DACF70023E98C /* Release */,
			);
			defaultConfigurationIsVisible = 0;
		};
/* End XCConfigurationList section */
	};
	rootObject = F34ACF78192DACF60023E98C /* Project object */;
}
